Microsoft Visual Studio Solution File, Format Version 12.00
# Visual Studio Version 17
VisualStudioVersion = 17.12.35728.132 d17.12
MinimumVisualStudioVersion = 10.0.40219.1
Project("{FAE04EC0-301F-11D3-BF4B-00C04F79EFBC}") = "AnalizadorLexico", "AnalizadorLexico\AnalizadorLexico.csproj", "{BFE89AB2-9159-4E3D-8E05-516E1EAE4EC7}"
EndProject
Global
	GlobalSection(SolutionConfigurationPlatforms) = preSolution
		Debug|Any CPU = Debug|Any CPU
		Release|Any CPU = Release|Any CPU
	EndGlobalSection
	GlobalSection(ProjectConfigurationPlatforms) = postSolution
		{BFE89AB2-9159-4E3D-8E05-516E1EAE4EC7}.Debug|Any CPU.ActiveCfg = Debug|Any CPU
		{BFE89AB2-9159-4E3D-8E05-516E1EAE4EC7}.Debug|Any CPU.Build.0 = Debug|Any CPU
		{BFE89AB2-9159-4E3D-8E05-516E1EAE4EC7}.Release|Any CPU.ActiveCfg = Release|Any CPU
		{BFE89AB2-9159-4E3D-8E05-516E1EAE4EC7}.Release|Any CPU.Build.0 = Release|Any CPU
	EndGlobalSection
	GlobalSection(SolutionProperties) = preSolution
		HideSolutionNode = FALSE
	EndGlobalSection
	GlobalSection(ExtensibilityGlobals) = postSolution
		SolutionGuid = {C4FCA34B-2A10-49F6-BC48-27DBAF22CECA}
	EndGlobalSection
EndGlobal